
Microsoft Visual Studio Solution File, Format Version 12.00
# Visual Studio Version 17
VisualStudioVersion = 17.10.35027.167
MinimumVisualStudioVersion = 10.0.40219.1
Project("{9A19103F-16F7-4668-BE54-9A1E7A4F7556}") = "BlazorServerApp", "BlazorServerApp.csproj", "{448B6662-A036-4478-A206-1C6344F4ACF7}"
EndProject
Global
	GlobalSection(SolutionConfigurationPlatforms) = preSolution
		Debug|Any CPU = Debug|Any CPU
		Release|Any CPU = Release|Any CPU
	EndGlobalSection
	GlobalSection(ProjectConfigurationPlatforms) = postSolution
		{448B6662-A036-4478-A206-1C6344F4ACF7}.Debug|Any CPU.ActiveCfg = Debug|Any CPU
		{448B6662-A036-4478-A206-1C6344F4ACF7}.Debug|Any CPU.Build.0 = Debug|Any CPU
		{448B6662-A036-4478-A206-1C6344F4ACF7}.Release|Any CPU.ActiveCfg = Release|Any CPU
		{448B6662-A036-4478-A206-1C6344F4ACF7}.Release|Any CPU.Build.0 = Release|Any CPU
	EndGlobalSection
	GlobalSection(SolutionProperties) = preSolution
		HideSolutionNode = FALSE
	EndGlobalSection
	GlobalSection(ExtensibilityGlobals) = postSolution
		SolutionGuid = {26107522-06E2-4733-896D-F86795210F05}
	EndGlobalSection
EndGlobal
